
Microsoft Visual Studio Solution File, Format Version 12.00
# Visual Studio Version 16
VisualStudioVersion = 16.0.29424.173
MinimumVisualStudioVersion = 10.0.40219.1
Project("{FAE04EC0-301F-11D3-BF4B-00C04F79EFBC}") = "PriorityManager", "PriorityManager\PriorityManager.csproj", "{4F86B7B6-E7A5-4A28-BA93-23631E66407A}"
EndProject
Global
	GlobalSection(SolutionConfigurationPlatforms) = preSolution
		Debug|Any CPU = Debug|Any CPU
		Release|Any CPU = Release|Any CPU
	EndGlobalSection
	GlobalSection(ProjectConfigurationPlatforms) = postSolution
		{4F86B7B6-E7A5-4A28-BA93-23631E66407A}.Debug|Any CPU.ActiveCfg = Debug|Any CPU
		{4F86B7B6-E7A5-4A28-BA93-23631E66407A}.Debug|Any CPU.Build.0 = Debug|Any CPU
		{4F86B7B6-E7A5-4A28-BA93-23631E66407A}.Release|Any CPU.ActiveCfg = Release|Any CPU
		{4F86B7B6-E7A5-4A28-BA93-23631E66407A}.Release|Any CPU.Build.0 = Release|Any CPU
	EndGlobalSection
	GlobalSection(SolutionProperties) = preSolution
		HideSolutionNode = FALSE
	EndGlobalSection
	GlobalSection(ExtensibilityGlobals) = postSolution
		SolutionGuid = {C25C0551-7C7E-408F-877B-35A39C1AB66C}
	EndGlobalSection
EndGlobal
